// !$*UTF8*$!
{
	archiveVersion = 1;
	classes = {
	};
	objectVersion = 50;
	objects = {

/* Begin PBXBuildFile section */
		29BBA1B4234B7EA800A63635 /* AppDelegate.swift in Sources */ = {isa = PBXBuildFile; fileRef = 29BBA1B3234B7EA800A63635 /* AppDelegate.swift */; };
		29BBA1B6234B7EA800A63635 /* SceneDelegate.swift in Sources */ = {isa = PBXBuildFile; fileRef = 29BBA1B5234B7EA800A63635 /* SceneDelegate.swift */; };
		29BBA1B8234B7EA800A63635 /* ContentView.swift in Sources */ = {isa = PBXBuildFile; fileRef = 29BBA1B7234B7EA800A63635 /* ContentView.swift */; };
		29BBA1BA234B7EA900A63635 /* Assets.xcassets in Resources */ = {isa = PBXBuildFile; fileRef = 29BBA1B9234B7EA900A63635 /* Assets.xcassets */; };
		29BBA1BD234B7EA900A63635 /* Preview Assets.xcassets in Resources */ = {isa = PBXBuildFile; fileRef = 29BBA1BC234B7EA900A63635 /* Preview Assets.xcassets */; };
		29BBA1C0234B7EA900A63635 /* LaunchScreen.storyboard in Resources */ = {isa = PBXBuildFile; fileRef = 29BBA1BE234B7EA900A63635 /* LaunchScreen.storyboard */; };
		29BBA1C5234B7EA900A63635 /* Prellball WatchKit App.app in Embed Watch Content */ = {isa = PBXBuildFile; fileRef = 29BBA1C4234B7EA900A63635 /* Prellball WatchKit App.app */; settings = {ATTRIBUTES = (RemoveHeadersOnCopy, ); }; };
		29BBA1CB234B7EA900A63635 /* Interface.storyboard in Resources */ = {isa = PBXBuildFile; fileRef = 29BBA1C9234B7EA900A63635 /* Interface.storyboard */; };
		29BBA1CD234B7EA900A63635 /* Assets.xcassets in Resources */ = {isa = PBXBuildFile; fileRef = 29BBA1CC234B7EA900A63635 /* Assets.xcassets */; };
		29BBA1D4234B7EAA00A63635 /* Prellball WatchKit Extension.appex in Embed App Extensions */ = {isa = PBXBuildFile; fileRef = 29BBA1D3234B7EAA00A63635 /* Prellball WatchKit Extension.appex */; settings = {ATTRIBUTES = (RemoveHeadersOnCopy, ); }; };
		29BBA1D9234B7EAA00A63635 /* ContentView.swift in Sources */ = {isa = PBXBuildFile; fileRef = 29BBA1D8234B7EAA00A63635 /* ContentView.swift */; };
		29BBA1DB234B7EAA00A63635 /* HostingController.swift in Sources */ = {isa = PBXBuildFile; fileRef = 29BBA1DA234B7EAA00A63635 /* HostingController.swift */; };
		29BBA1DD234B7EAA00A63635 /* ExtensionDelegate.swift in Sources */ = {isa = PBXBuildFile; fileRef = 29BBA1DC234B7EAA00A63635 /* ExtensionDelegate.swift */; };
		29BBA1DF234B7EAA00A63635 /* NotificationController.swift in Sources */ = {isa = PBXBuildFile; fileRef = 29BBA1DE234B7EAA00A63635 /* NotificationController.swift */; };
		29BBA1E1234B7EAA00A63635 /* NotificationView.swift in Sources */ = {isa = PBXBuildFile; fileRef = 29BBA1E0234B7EAA00A63635 /* NotificationView.swift */; };
		29BBA1E3234B7EAA00A63635 /* Assets.xcassets in Resources */ = {isa = PBXBuildFile; fileRef = 29BBA1E2234B7EAA00A63635 /* Assets.xcassets */; };
		29BBA1E6234B7EAA00A63635 /* Preview Assets.xcassets in Resources */ = {isa = PBXBuildFile; fileRef = 29BBA1E5234B7EAA00A63635 /* Preview Assets.xcassets */; };
/* End PBXBuildFile section */

/* Begin PBXContainerItemProxy section */
		29BBA1C6234B7EA900A63635 /* PBXContainerItemProxy */ = {
			isa = PBXContainerItemProxy;
			containerPortal = 29BBA1A8234B7EA800A63635 /* Project object */;
			proxyType = 1;
			remoteGlobalIDString = 29BBA1C3234B7EA900A63635;
			remoteInfo = "Prellball WatchKit App";
		};
		29BBA1D5234B7EAA00A63635 /* PBXContainerItemProxy */ = {
			isa = PBXContainerItemProxy;
			containerPortal = 29BBA1A8234B7EA800A63635 /* Project object */;
			proxyType = 1;
			remoteGlobalIDString = 29BBA1D2234B7EAA00A63635;
			remoteInfo = "Prellball WatchKit Extension";
		};
/* End PBXContainerItemProxy section */

/* Begin PBXCopyFilesBuildPhase section */
		29BBA1EE234B7EAA00A63635 /* Embed App Extensions */ = {
			isa = PBXCopyFilesBuildPhase;
			buildActionMask = 2147483647;
			dstPath = "";
			dstSubfolderSpec = 13;
			files = (
				29BBA1D4234B7EAA00A63635 /* Prellball WatchKit Extension.appex in Embed App Extensions */,
			);
			name = "Embed App Extensions";
			runOnlyForDeploymentPostprocessing = 0;
		};
		29BBA1F2234B7EAA00A63635 /* Embed Watch Content */ = {
			isa = PBXCopyFilesBuildPhase;
			buildActionMask = 2147483647;
			dstPath = "$(CONTENTS_FOLDER_PATH)/Watch";
			dstSubfolderSpec = 16;
			files = (
				29BBA1C5234B7EA900A63635 /* Prellball WatchKit App.app in Embed Watch Content */,
			);
			name = "Embed Watch Content";
			runOnlyForDeploymentPostprocessing = 0;
		};
/* End PBXCopyFilesBuildPhase section */

/* Begin PBXFileReference section */
		29BBA1B0234B7EA800A63635 /* Prellball.app */ = {isa = PBXFileReference; explicitFileType = wrapper.application; includeInIndex = 0; path = Prellball.app; sourceTree = BUILT_PRODUCTS_DIR; };
		29BBA1B3234B7EA800A63635 /* AppDelegate.swift */ = {isa = PBXFileReference; lastKnownFileType = sourcecode.swift; path = AppDelegate.swift; sourceTree = "<group>"; };
		29BBA1B5234B7EA800A63635 /* SceneDelegate.swift */ = {isa = PBXFileReference; lastKnownFileType = sourcecode.swift; path = SceneDelegate.swift; sourceTree = "<group>"; };
		29BBA1B7234B7EA800A63635 /* ContentView.swift */ = {isa = PBXFileReference; lastKnownFileType = sourcecode.swift; path = ContentView.swift; sourceTree = "<group>"; };
		29BBA1B9234B7EA900A63635 /* Assets.xcassets */ = {isa = PBXFileReference; lastKnownFileType = folder.assetcatalog; path = Assets.xcassets; sourceTree = "<group>"; };
		29BBA1BC234B7EA900A63635 /* Preview Assets.xcassets */ = {isa = PBXFileReference; lastKnownFileType = folder.assetcatalog; path = "Preview Assets.xcassets"; sourceTree = "<group>"; };
		29BBA1BF234B7EA900A63635 /* Base */ = {isa = PBXFileReference; lastKnownFileType = file.storyboard; name = Base; path = Base.lproj/LaunchScreen.storyboard; sourceTree = "<group>"; };
		29BBA1C1234B7EA900A63635 /* Info.plist */ = {isa = PBXFileReference; lastKnownFileType = text.plist.xml; path = Info.plist; sourceTree = "<group>"; };
		29BBA1C4234B7EA900A63635 /* Prellball WatchKit App.app */ = {isa = PBXFileReference; explicitFileType = wrapper.application; includeInIndex = 0; path = "Prellball WatchKit App.app"; sourceTree = BUILT_PRODUCTS_DIR; };
		29BBA1CA234B7EA900A63635 /* Base */ = {isa = PBXFileReference; lastKnownFileType = file.storyboard; name = Base; path = Base.lproj/Interface.storyboard; sourceTree = "<group>"; };
		29BBA1CC234B7EA900A63635 /* Assets.xcassets */ = {isa = PBXFileReference; lastKnownFileType = folder.assetcatalog; path = Assets.xcassets; sourceTree = "<group>"; };
		29BBA1CE234B7EA900A63635 /* Info.plist */ = {isa = PBXFileReference; lastKnownFileType = text.plist.xml; path = Info.plist; sourceTree = "<group>"; };
		29BBA1D3234B7EAA00A63635 /* Prellball WatchKit Extension.appex */ = {isa = PBXFileReference; explicitFileType = "wrapper.app-extension"; includeInIndex = 0; path = "Prellball WatchKit Extension.appex"; sourceTree = BUILT_PRODUCTS_DIR; };
		29BBA1D8234B7EAA00A63635 /* ContentView.swift */ = {isa = PBXFileReference; lastKnownFileType = sourcecode.swift; path = ContentView.swift; sourceTree = "<group>"; };
		29BBA1DA234B7EAA00A63635 /* HostingController.swift */ = {isa = PBXFileReference; lastKnownFileType = sourcecode.swift; path = HostingController.swift; sourceTree = "<group>"; };
		29BBA1DC234B7EAA00A63635 /* ExtensionDelegate.swift */ = {isa = PBXFileReference; lastKnownFileType = sourcecode.swift; path = ExtensionDelegate.swift; sourceTree = "<group>"; };
		29BBA1DE234B7EAA00A63635 /* NotificationController.swift */ = {isa = PBXFileReference; lastKnownFileType = sourcecode.swift; path = NotificationController.swift; sourceTree = "<group>"; };
		29BBA1E0234B7EAA00A63635 /* NotificationView.swift */ = {isa = PBXFileReference; lastKnownFileType = sourcecode.swift; path = NotificationView.swift; sourceTree = "<group>"; };
		29BBA1E2234B7EAA00A63635 /* Assets.xcassets */ = {isa = PBXFileReference; lastKnownFileType = folder.assetcatalog; path = Assets.xcassets; sourceTree = "<group>"; };
		29BBA1E5234B7EAA00A63635 /* Preview Assets.xcassets */ = {isa = PBXFileReference; lastKnownFileType = folder.assetcatalog; path = "Preview Assets.xcassets"; sourceTree = "<group>"; };
		29BBA1E7234B7EAA00A63635 /* Info.plist */ = {isa = PBXFileReference; lastKnownFileType = text.plist.xml; path = Info.plist; sourceTree = "<group>"; };
		29BBA1E8234B7EAA00A63635 /* PushNotificationPayload.apns */ = {isa = PBXFileReference; lastKnownFileType = text; path = PushNotificationPayload.apns; sourceTree = "<group>"; };
/* End PBXFileReference section */

/* Begin PBXFrameworksBuildPhase section */
		29BBA1AD234B7EA800A63635 /* Frameworks */ = {
			isa = PBXFrameworksBuildPhase;
			buildActionMask = 2147483647;
			files = (
			);
			runOnlyForDeploymentPostprocessing = 0;
		};
		29BBA1D0234B7EAA00A63635 /* Frameworks */ = {
			isa = PBXFrameworksBuildPhase;
			buildActionMask = 2147483647;
			files = (
			);
			runOnlyForDeploymentPostprocessing = 0;
		};
/* End PBXFrameworksBuildPhase section */

/* Begin PBXGroup section */
		29BBA1A7234B7EA800A63635 = {
			isa = PBXGroup;
			children = (
				29BBA1B2234B7EA800A63635 /* Prellball */,
				29BBA1C8234B7EA900A63635 /* Prellball WatchKit App */,
				29BBA1D7234B7EAA00A63635 /* Prellball WatchKit Extension */,
				29BBA1B1234B7EA800A63635 /* Products */,
			);
			sourceTree = "<group>";
		};
		29BBA1B1234B7EA800A63635 /* Products */ = {
			isa = PBXGroup;
			children = (
				29BBA1B0234B7EA800A63635 /* Prellball.app */,
				29BBA1C4234B7EA900A63635 /* Prellball WatchKit App.app */,
				29BBA1D3234B7EAA00A63635 /* Prellball WatchKit Extension.appex */,
			);
			name = Products;
			sourceTree = "<group>";
		};
		29BBA1B2234B7EA800A63635 /* Prellball */ = {
			isa = PBXGroup;
			children = (
				29BBA1B3234B7EA800A63635 /* AppDelegate.swift */,
				29BBA1B5234B7EA800A63635 /* SceneDelegate.swift */,
				29BBA1B7234B7EA800A63635 /* ContentView.swift */,
				29BBA1B9234B7EA900A63635 /* Assets.xcassets */,
				29BBA1BE234B7EA900A63635 /* LaunchScreen.storyboard */,
				29BBA1C1234B7EA900A63635 /* Info.plist */,
				29BBA1BB234B7EA900A63635 /* Preview Content */,
			);
			path = Prellball;
			sourceTree = "<group>";
		};
		29BBA1BB234B7EA900A63635 /* Preview Content */ = {
			isa = PBXGroup;
			children = (
				29BBA1BC234B7EA900A63635 /* Preview Assets.xcassets */,
			);
			path = "Preview Content";
			sourceTree = "<group>";
		};
		29BBA1C8234B7EA900A63635 /* Prellball WatchKit App */ = {
			isa = PBXGroup;
			children = (
				29BBA1C9234B7EA900A63635 /* Interface.storyboard */,
				29BBA1CC234B7EA900A63635 /* Assets.xcassets */,
				29BBA1CE234B7EA900A63635 /* Info.plist */,
			);
			path = "Prellball WatchKit App";
			sourceTree = "<group>";
		};
		29BBA1D7234B7EAA00A63635 /* Prellball WatchKit Extension */ = {
			isa = PBXGroup;
			children = (
				29BBA1D8234B7EAA00A63635 /* ContentView.swift */,
				29BBA1DA234B7EAA00A63635 /* HostingController.swift */,
				29BBA1DC234B7EAA00A63635 /* ExtensionDelegate.swift */,
				29BBA1DE234B7EAA00A63635 /* NotificationController.swift */,
				29BBA1E0234B7EAA00A63635 /* NotificationView.swift */,
				29BBA1E2234B7EAA00A63635 /* Assets.xcassets */,
				29BBA1E7234B7EAA00A63635 /* Info.plist */,
				29BBA1E8234B7EAA00A63635 /* PushNotificationPayload.apns */,
				29BBA1E4234B7EAA00A63635 /* Preview Content */,
			);
			path = "Prellball WatchKit Extension";
			sourceTree = "<group>";
		};
		29BBA1E4234B7EAA00A63635 /* Preview Content */ = {
			isa = PBXGroup;
			children = (
				29BBA1E5234B7EAA00A63635 /* Preview Assets.xcassets */,
			);
			path = "Preview Content";
			sourceTree = "<group>";
		};
/* End PBXGroup section */

/* Begin PBXNativeTarget section */
		29BBA1AF234B7EA800A63635 /* Prellball */ = {
			isa = PBXNativeTarget;
			buildConfigurationList = 29BBA1F3234B7EAA00A63635 /* Build configuration list for PBXNativeTarget "Prellball" */;
			buildPhases = (
				29BBA1AC234B7EA800A63635 /* Sources */,
				29BBA1AD234B7EA800A63635 /* Frameworks */,
				29BBA1AE234B7EA800A63635 /* Resources */,
				29BBA1F2234B7EAA00A63635 /* Embed Watch Content */,
			);
			buildRules = (
			);
			dependencies = (
				29BBA1C7234B7EA900A63635 /* PBXTargetDependency */,
			);
			name = Prellball;
			productName = Prellball;
			productReference = 29BBA1B0234B7EA800A63635 /* Prellball.app */;
			productType = "com.apple.product-type.application";
		};
		29BBA1C3234B7EA900A63635 /* Prellball WatchKit App */ = {
			isa = PBXNativeTarget;
			buildConfigurationList = 29BBA1EF234B7EAA00A63635 /* Build configuration list for PBXNativeTarget "Prellball WatchKit App" */;
			buildPhases = (
				29BBA1C2234B7EA900A63635 /* Resources */,
				29BBA1EE234B7EAA00A63635 /* Embed App Extensions */,
			);
			buildRules = (
			);
			dependencies = (
				29BBA1D6234B7EAA00A63635 /* PBXTargetDependency */,
			);
			name = "Prellball WatchKit App";
			productName = "Prellball WatchKit App";
			productReference = 29BBA1C4234B7EA900A63635 /* Prellball WatchKit App.app */;
			productType = "com.apple.product-type.application.watchapp2";
		};
		29BBA1D2234B7EAA00A63635 /* Prellball WatchKit Extension */ = {
			isa = PBXNativeTarget;
			buildConfigurationList = 29BBA1EB234B7EAA00A63635 /* Build configuration list for PBXNativeTarget "Prellball WatchKit Extension" */;
			buildPhases = (
				29BBA1CF234B7EAA00A63635 /* Sources */,
				29BBA1D0234B7EAA00A63635 /* Frameworks */,
				29BBA1D1234B7EAA00A63635 /* Resources */,
			);
			buildRules = (
			);
			dependencies = (
			);
			name = "Prellball WatchKit Extension";
			productName = "Prellball WatchKit Extension";
			productReference = 29BBA1D3234B7EAA00A63635 /* Prellball WatchKit Extension.appex */;
			productType = "com.apple.product-type.watchkit2-extension";
		};
/* End PBXNativeTarget section */

/* Begin PBXProject section */
		29BBA1A8234B7EA800A63635 /* Project object */ = {
			isa = PBXProject;
			attributes = {
				LastSwiftUpdateCheck = 1100;
				LastUpgradeCheck = 1100;
				ORGANIZATIONNAME = "Jeremy Boy";
				TargetAttributes = {
					29BBA1AF234B7EA800A63635 = {
						CreatedOnToolsVersion = 11.0;
					};
					29BBA1C3234B7EA900A63635 = {
						CreatedOnToolsVersion = 11.0;
					};
					29BBA1D2234B7EAA00A63635 = {
						CreatedOnToolsVersion = 11.0;
					};
				};
			};
			buildConfigurationList = 29BBA1AB234B7EA800A63635 /* Build configuration list for PBXProject "Prellball" */;
			compatibilityVersion = "Xcode 9.3";
			developmentRegion = en;
			hasScannedForEncodings = 0;
			knownRegions = (
				en,
				Base,
			);
			mainGroup = 29BBA1A7234B7EA800A63635;
			productRefGroup = 29BBA1B1234B7EA800A63635 /* Products */;
			projectDirPath = "";
			projectRoot = "";
			targets = (
				29BBA1AF234B7EA800A63635 /* Prellball */,
				29BBA1C3234B7EA900A63635 /* Prellball WatchKit App */,
				29BBA1D2234B7EAA00A63635 /* Prellball WatchKit Extension */,
			);
		};
/* End PBXProject section */

/* Begin PBXResourcesBuildPhase section */
		29BBA1AE234B7EA800A63635 /* Resources */ = {
			isa = PBXResourcesBuildPhase;
			buildActionMask = 2147483647;
			files = (
				29BBA1C0234B7EA900A63635 /* LaunchScreen.storyboard in Resources */,
				29BBA1BD234B7EA900A63635 /* Preview Assets.xcassets in Resources */,
				29BBA1BA234B7EA900A63635 /* Assets.xcassets in Resources */,
			);
			runOnlyForDeploymentPostprocessing = 0;
		};
		29BBA1C2234B7EA900A63635 /* Resources */ = {
			isa = PBXResourcesBuildPhase;
			buildActionMask = 2147483647;
			files = (
				29BBA1CD234B7EA900A63635 /* Assets.xcassets in Resources */,
				29BBA1CB234B7EA900A63635 /* Interface.storyboard in Resources */,
			);
			runOnlyForDeploymentPostprocessing = 0;
		};
		29BBA1D1234B7EAA00A63635 /* Resources */ = {
			isa = PBXResourcesBuildPhase;
			buildActionMask = 2147483647;
			files = (
				29BBA1E6234B7EAA00A63635 /* Preview Assets.xcassets in Resources */,
				29BBA1E3234B7EAA00A63635 /* Assets.xcassets in Resources */,
			);
			runOnlyForDeploymentPostprocessing = 0;
		};
/* End PBXResourcesBuildPhase section */

/* Begin PBXSourcesBuildPhase section */
		29BBA1AC234B7EA800A63635 /* Sources */ = {
			isa = PBXSourcesBuildPhase;
			buildActionMask = 2147483647;
			files = (
				29BBA1B4234B7EA800A63635 /* AppDelegate.swift in Sources */,
				29BBA1B6234B7EA800A63635 /* SceneDelegate.swift in Sources */,
				29BBA1B8234B7EA800A63635 /* ContentView.swift in Sources */,
			);
			runOnlyForDeploymentPostprocessing = 0;
		};
		29BBA1CF234B7EAA00A63635 /* Sources */ = {
			isa = PBXSourcesBuildPhase;
			buildActionMask = 2147483647;
			files = (
				29BBA1DB234B7EAA00A63635 /* HostingController.swift in Sources */,
				29BBA1D9234B7EAA00A63635 /* ContentView.swift in Sources */,
				29BBA1DF234B7EAA00A63635 /* NotificationController.swift in Sources */,
				29BBA1DD234B7EAA00A63635 /* ExtensionDelegate.swift in Sources */,
				29BBA1E1234B7EAA00A63635 /* NotificationView.swift in Sources */,
			);
			runOnlyForDeploymentPostprocessing = 0;
		};
/* End PBXSourcesBuildPhase section */

/* Begin PBXTargetDependency section */
		29BBA1C7234B7EA900A63635 /* PBXTargetDependency */ = {
			isa = PBXTargetDependency;
			target = 29BBA1C3234B7EA900A63635 /* Prellball WatchKit App */;
			targetProxy = 29BBA1C6234B7EA900A63635 /* PBXContainerItemProxy */;
		};
		29BBA1D6234B7EAA00A63635 /* PBXTargetDependency */ = {
			isa = PBXTargetDependency;
			target = 29BBA1D2234B7EAA00A63635 /* Prellball WatchKit Extension */;
			targetProxy = 29BBA1D5234B7EAA00A63635 /* PBXContainerItemProxy */;
		};
/* End PBXTargetDependency section */

/* Begin PBXVariantGroup section */
		29BBA1BE234B7EA900A63635 /* LaunchScreen.storyboard */ = {
			isa = PBXVariantGroup;
			children = (
				29BBA1BF234B7EA900A63635 /* Base */,
			);
			name = LaunchScreen.storyboard;
			sourceTree = "<group>";
		};
		29BBA1C9234B7EA900A63635 /* Interface.storyboard */ = {
			isa = PBXVariantGroup;
			children = (
				29BBA1CA234B7EA900A63635 /* Base */,
			);
			name = Interface.storyboard;
			sourceTree = "<group>";
		};
/* End PBXVariantGroup section */

/* Begin XCBuildConfiguration section */
		29BBA1E9234B7EAA00A63635 /* Debug */ = {
			isa = XCBuildConfiguration;
			buildSettings = {
				ALWAYS_SEARCH_USER_PATHS = NO;
				CLANG_ANALYZER_NONNULL = YES;
				CLANG_ANALYZER_NUMBER_OBJECT_CONVERSION = YES_AGGRESSIVE;
				CLANG_CXX_LANGUAGE_STANDARD = "gnu++14";
				CLANG_CXX_LIBRARY = "libc++";
				CLANG_ENABLE_MODULES = YES;
				CLANG_ENABLE_OBJC_ARC = YES;
				CLANG_ENABLE_OBJC_WEAK = YES;
				CLANG_WARN_BLOCK_CAPTURE_AUTORELEASING = YES;
				CLANG_WARN_BOOL_CONVERSION = YES;
				CLANG_WARN_COMMA = YES;
				CLANG_WARN_CONSTANT_CONVERSION = YES;
				CLANG_WARN_DEPRECATED_OBJC_IMPLEMENTATIONS = YES;
				CLANG_WARN_DIRECT_OBJC_ISA_USAGE = YES_ERROR;
				CLANG_WARN_DOCUMENTATION_COMMENTS = YES;
				CLANG_WARN_EMPTY_BODY = YES;
				CLANG_WARN_ENUM_CONVERSION = YES;
				CLANG_WARN_INFINITE_RECURSION = YES;
				CLANG_WARN_INT_CONVERSION = YES;
				CLANG_WARN_NON_LITERAL_NULL_CONVERSION = YES;
				CLANG_WARN_OBJC_IMPLICIT_RETAIN_SELF = YES;
				CLANG_WARN_OBJC_LITERAL_CONVERSION = YES;
				CLANG_WARN_OBJC_ROOT_CLASS = YES_ERROR;
				CLANG_WARN_RANGE_LOOP_ANALYSIS = YES;
				CLANG_WARN_STRICT_PROTOTYPES = YES;
				CLANG_WARN_SUSPICIOUS_MOVE = YES;
				CLANG_WARN_UNGUARDED_AVAILABILITY = YES_AGGRESSIVE;
				CLANG_WARN_UNREACHABLE_CODE = YES;
				CLANG_WARN__DUPLICATE_METHOD_MATCH = YES;
				COPY_PHASE_STRIP = NO;
				DEBUG_INFORMATION_FORMAT = dwarf;
				ENABLE_STRICT_OBJC_MSGSEND = YES;
				ENABLE_TESTABILITY = YES;
				GCC_C_LANGUAGE_STANDARD = gnu11;
				GCC_DYNAMIC_NO_PIC = NO;
				GCC_NO_COMMON_BLOCKS = YES;
				GCC_OPTIMIZATION_LEVEL = 0;
				GCC_PREPROCESSOR_DEFINITIONS = (
					"DEBUG=1",
					"$(inherited)",
				);
				GCC_WARN_64_TO_32_BIT_CONVERSION = YES;
				GCC_WARN_ABOUT_RETURN_TYPE = YES_ERROR;
				GCC_WARN_UNDECLARED_SELECTOR = YES;
				GCC_WARN_UNINITIALIZED_AUTOS = YES_AGGRESSIVE;
				GCC_WARN_UNUSED_FUNCTION = YES;
				GCC_WARN_UNUSED_VARIABLE = YES;
				IPHONEOS_DEPLOYMENT_TARGET = 13.0;
				MTL_ENABLE_DEBUG_INFO = INCLUDE_SOURCE;
				MTL_FAST_MATH = YES;
				ONLY_ACTIVE_ARCH = YES;
				SDKROOT = iphoneos;
				SWIFT_ACTIVE_COMPILATION_CONDITIONS = DEBUG;
				SWIFT_OPTIMIZATION_LEVEL = "-Onone";
			};
			name = Debug;
		};
		29BBA1EA234B7EAA00A63635 /* Release */ = {
			isa = XCBuildConfiguration;
			buildSettings = {
				ALWAYS_SEARCH_USER_PATHS = NO;
				CLANG_ANALYZER_NONNULL = YES;
				CLANG_ANALYZER_NUMBER_OBJECT_CONVERSION = YES_AGGRESSIVE;
				CLANG_CXX_LANGUAGE_STANDARD = "gnu++14";
				CLANG_CXX_LIBRARY = "libc++";
				CLANG_ENABLE_MODULES = YES;
				CLANG_ENABLE_OBJC_ARC = YES;
				CLANG_ENABLE_OBJC_WEAK = YES;
				CLANG_WARN_BLOCK_CAPTURE_AUTORELEASING = YES;
				CLANG_WARN_BOOL_CONVERSION = YES;
				CLANG_WARN_COMMA = YES;
				CLANG_WARN_CONSTANT_CONVERSION = YES;
				CLANG_WARN_DEPRECATED_OBJC_IMPLEMENTATIONS = YES;
				CLANG_WARN_DIRECT_OBJC_ISA_USAGE = YES_ERROR;
				CLANG_WARN_DOCUMENTATION_COMMENTS = YES;
				CLANG_WARN_EMPTY_BODY = YES;
				CLANG_WARN_ENUM_CONVERSION = YES;
				CLANG_WARN_INFINITE_RECURSION = YES;
				CLANG_WARN_INT_CONVERSION = YES;
				CLANG_WARN_NON_LITERAL_NULL_CONVERSION = YES;
				CLANG_WARN_OBJC_IMPLICIT_RETAIN_SELF = YES;
				CLANG_WARN_OBJC_LITERAL_CONVERSION = YES;
				CLANG_WARN_OBJC_ROOT_CLASS = YES_ERROR;
				CLANG_WARN_RANGE_LOOP_ANALYSIS = YES;
				CLANG_WARN_STRICT_PROTOTYPES = YES;
				CLANG_WARN_SUSPICIOUS_MOVE = YES;
				CLANG_WARN_UNGUARDED_AVAILABILITY = YES_AGGRESSIVE;
				CLANG_WARN_UNREACHABLE_CODE = YES;
				CLANG_WARN__DUPLICATE_METHOD_MATCH = YES;
				COPY_PHASE_STRIP = NO;
				DEBUG_INFORMATION_FORMAT = "dwarf-with-dsym";
				ENABLE_NS_ASSERTIONS = NO;
				ENABLE_STRICT_OBJC_MSGSEND = YES;
				GCC_C_LANGUAGE_STANDARD = gnu11;
				GCC_NO_COMMON_BLOCKS = YES;
				GCC_WARN_64_TO_32_BIT_CONVERSION = YES;
				GCC_WARN_ABOUT_RETURN_TYPE = YES_ERROR;
				GCC_WARN_UNDECLARED_SELECTOR = YES;
				GCC_WARN_UNINITIALIZED_AUTOS = YES_AGGRESSIVE;
				GCC_WARN_UNUSED_FUNCTION = YES;
				GCC_WARN_UNUSED_VARIABLE = YES;
				IPHONEOS_DEPLOYMENT_TARGET = 13.0;
				MTL_ENABLE_DEBUG_INFO = NO;
				MTL_FAST_MATH = YES;
				SDKROOT = iphoneos;
				SWIFT_COMPILATION_MODE = wholemodule;
				SWIFT_OPTIMIZATION_LEVEL = "-O";
				VALIDATE_PRODUCT = YES;
			};
			name = Release;
		};
		29BBA1EC234B7EAA00A63635 /* Debug */ = {
			isa = XCBuildConfiguration;
			buildSettings = {
				ASSETCATALOG_COMPILER_COMPLICATION_NAME = Complication;
				CODE_SIGN_STYLE = Automatic;
				DEVELOPMENT_ASSET_PATHS = "\"Prellball WatchKit Extension/Preview Content\"";
				DEVELOPMENT_TEAM = D567GQY3UQ;
				ENABLE_PREVIEWS = YES;
				INFOPLIST_FILE = "Prellball WatchKit Extension/Info.plist";
				LD_RUNPATH_SEARCH_PATHS = (
					"$(inherited)",
					"@executable_path/Frameworks",
					"@executable_path/../../Frameworks",
				);
				PRODUCT_BUNDLE_IDENTIFIER = eu.jboy.Prellball.watchkitapp.watchkitextension;
				PRODUCT_NAME = "${TARGET_NAME}";
				SDKROOT = watchos;
				SKIP_INSTALL = YES;
				SWIFT_VERSION = 5.0;
				TARGETED_DEVICE_FAMILY = 4;
				WATCHOS_DEPLOYMENT_TARGET = 6.0;
			};
			name = Debug;
		};
		29BBA1ED234B7EAA00A63635 /* Release */ = {
			isa = XCBuildConfiguration;
			buildSettings = {
				ASSETCATALOG_COMPILER_COMPLICATION_NAME = Complication;
				CODE_SIGN_STYLE = Automatic;
				DEVELOPMENT_ASSET_PATHS = "\"Prellball WatchKit Extension/Preview Content\"";
				DEVELOPMENT_TEAM = D567GQY3UQ;
				ENABLE_PREVIEWS = YES;
				INFOPLIST_FILE = "Prellball WatchKit Extension/Info.plist";
				LD_RUNPATH_SEARCH_PATHS = (
					"$(inherited)",
					"@executable_path/Frameworks",
					"@executable_path/../../Frameworks",
				);
				PRODUCT_BUNDLE_IDENTIFIER = eu.jboy.Prellball.watchkitapp.watchkitextension;
				PRODUCT_NAME = "${TARGET_NAME}";
				SDKROOT = watchos;
				SKIP_INSTALL = YES;
				SWIFT_VERSION = 5.0;
				TARGETED_DEVICE_FAMILY = 4;
				WATCHOS_DEPLOYMENT_TARGET = 6.0;
			};
			name = Release;
		};
		29BBA1F0234B7EAA00A63635 /* Debug */ = {
			isa = XCBuildConfiguration;
			buildSettings = {
				ALWAYS_EMBED_SWIFT_STANDARD_LIBRARIES = YES;
				ASSETCATALOG_COMPILER_APPICON_NAME = AppIcon;
				CODE_SIGN_STYLE = Automatic;
				DEVELOPMENT_TEAM = D567GQY3UQ;
				IBSC_MODULE = Prellball_WatchKit_Extension;
				INFOPLIST_FILE = "Prellball WatchKit App/Info.plist";
				PRODUCT_BUNDLE_IDENTIFIER = eu.jboy.Prellball.watchkitapp;
				PRODUCT_NAME = "$(TARGET_NAME)";
				SDKROOT = watchos;
				SKIP_INSTALL = YES;
				SWIFT_VERSION = 5.0;
				TARGETED_DEVICE_FAMILY = 4;
				WATCHOS_DEPLOYMENT_TARGET = 6.0;
			};
			name = Debug;
		};
		29BBA1F1234B7EAA00A63635 /* Release */ = {
			isa = XCBuildConfiguration;
			buildSettings = {
				ALWAYS_EMBED_SWIFT_STANDARD_LIBRARIES = YES;
				ASSETCATALOG_COMPILER_APPICON_NAME = AppIcon;
				CODE_SIGN_STYLE = Automatic;
				DEVELOPMENT_TEAM = D567GQY3UQ;
				IBSC_MODULE = Prellball_WatchKit_Extension;
				INFOPLIST_FILE = "Prellball WatchKit App/Info.plist";
				PRODUCT_BUNDLE_IDENTIFIER = eu.jboy.Prellball.watchkitapp;
				PRODUCT_NAME = "$(TARGET_NAME)";
				SDKROOT = watchos;
				SKIP_INSTALL = YES;
				SWIFT_VERSION = 5.0;
				TARGETED_DEVICE_FAMILY = 4;
				WATCHOS_DEPLOYMENT_TARGET = 6.0;
			};
			name = Release;
		};
		29BBA1F4234B7EAA00A63635 /* Debug */ = {
			isa = XCBuildConfiguration;
			buildSettings = {
				ASSETCATALOG_COMPILER_APPICON_NAME = AppIcon;
				CODE_SIGN_STYLE = Automatic;
				DEVELOPMENT_ASSET_PATHS = "\"Prellball/Preview Content\"";
				DEVELOPMENT_TEAM = D567GQY3UQ;
				ENABLE_PREVIEWS = YES;
				INFOPLIST_FILE = Prellball/Info.plist;
				LD_RUNPATH_SEARCH_PATHS = (
					"$(inherited)",
					"@executable_path/Frameworks",
				);
				PRODUCT_BUNDLE_IDENTIFIER = eu.jboy.Prellball;
				PRODUCT_NAME = "$(TARGET_NAME)";
				SWIFT_VERSION = 5.0;
				TARGETED_DEVICE_FAMILY = "1,2";
			};
			name = Debug;
		};
		29BBA1F5234B7EAA00A63635 /* Release */ = {
			isa = XCBuildConfiguration;
			buildSettings = {
				ASSETCATALOG_COMPILER_APPICON_NAME = AppIcon;
				CODE_SIGN_STYLE = Automatic;
				DEVELOPMENT_ASSET_PATHS = "\"Prellball/Preview Content\"";
				DEVELOPMENT_TEAM = D567GQY3UQ;
				ENABLE_PREVIEWS = YES;
				INFOPLIST_FILE = Prellball/Info.plist;
				LD_RUNPATH_SEARCH_PATHS = (
					"$(inherited)",
					"@executable_path/Frameworks",
				);
				PRODUCT_BUNDLE_IDENTIFIER = eu.jboy.Prellball;
				PRODUCT_NAME = "$(TARGET_NAME)";
				SWIFT_VERSION = 5.0;
				TARGETED_DEVICE_FAMILY = "1,2";
			};
			name = Release;
		};
/* End XCBuildConfiguration section */

/* Begin XCConfigurationList section */
		29BBA1AB234B7EA800A63635 /* Build configuration list for PBXProject "Prellball" */ = {
			isa = XCConfigurationList;
			buildConfigurations = (
				29BBA1E9234B7EAA00A63635 /* Debug */,
				29BBA1EA234B7EAA00A63635 /* Release */,
			);
			defaultConfigurationIsVisible = 0;
			defaultConfigurationName = Release;
		};
		29BBA1EB234B7EAA00A63635 /* Build configuration list for PBXNativeTarget "Prellball WatchKit Extension" */ = {
			isa = XCConfigurationList;
			buildConfigurations = (
				29BBA1EC234B7EAA00A63635 /* Debug */,
				29BBA1ED234B7EAA00A63635 /* Release */,
			);
			defaultConfigurationIsVisible = 0;
			defaultConfigurationName = Release;
		};
		29BBA1EF234B7EAA00A63635 /* Build configuration list for PBXNativeTarget "Prellball WatchKit App" */ = {
			isa = XCConfigurationList;
			buildConfigurations = (
				29BBA1F0234B7EAA00A63635 /* Debug */,
				29BBA1F1234B7EAA00A63635 /* Release */,
			);
			defaultConfigurationIsVisible = 0;
			defaultConfigurationName = Release;
		};
		29BBA1F3234B7EAA00A63635 /* Build configuration list for PBXNativeTarget "Prellball" */ = {
			isa = XCConfigurationList;
			buildConfigurations = (
				29BBA1F4234B7EAA00A63635 /* Debug */,
				29BBA1F5234B7EAA00A63635 /* Release */,
			);
			defaultConfigurationIsVisible = 0;
			defaultConfigurationName = Release;
		};
/* End XCConfigurationList section */
	};
	rootObject = 29BBA1A8234B7EA800A63635 /* Project object */;
}
